
Microsoft Visual Studio Solution File, Format Version 12.00
# Visual Studio Version 17
VisualStudioVersion = 17.4.33213.308
MinimumVisualStudioVersion = 10.0.40219.1
Project("{FAE04EC0-301F-11D3-BF4B-00C04F79EFBC}") = "Ecommerce", "Ecommerce\Ecommerce.csproj", "{34B28CC5-4A79-45B3-8579-E274C138FD92}"
EndProject
Global
	GlobalSection(SolutionConfigurationPlatforms) = preSolution
		Debug|Any CPU = Debug|Any CPU
		Release|Any CPU = Release|Any CPU
	EndGlobalSection
	GlobalSection(ProjectConfigurationPlatforms) = postSolution
		{34B28CC5-4A79-45B3-8579-E274C138FD92}.Debug|Any CPU.ActiveCfg = Debug|Any CPU
		{34B28CC5-4A79-45B3-8579-E274C138FD92}.Debug|Any CPU.Build.0 = Debug|Any CPU
		{34B28CC5-4A79-45B3-8579-E274C138FD92}.Release|Any CPU.ActiveCfg = Release|Any CPU
		{34B28CC5-4A79-45B3-8579-E274C138FD92}.Release|Any CPU.Build.0 = Release|Any CPU
	EndGlobalSection
	GlobalSection(SolutionProperties) = preSolution
		HideSolutionNode = FALSE
	EndGlobalSection
	GlobalSection(ExtensibilityGlobals) = postSolution
		SolutionGuid = {7F96B574-DD8D-417F-9C34-AAAFEFF04FD2}
	EndGlobalSection
EndGlobal
